// !$*UTF8*$!
{
	archiveVersion = 1;
	classes = {
	};
	objectVersion = 51;
	objects = {

/* Begin PBXBuildFile section */
		3C49BA14BC132566C619F9A191ACC4C7 /* AppDelegate.swift in Sources */ = {isa = PBXBuildFile; fileRef = 74E182B165A52D05B121B3F079A84BC8 /* AppDelegate.swift */; };
		82F0AF7F8CBA460BA95464D9A9E5B5FF /* Assets.xcassets in Resources */ = {isa = PBXBuildFile; fileRef = 87A122C8F22FC3C2F7205A10D82501F9 /* Assets.xcassets */; };
		127EFF3C81A80A726FDA5FE80C05C2D0 /* HomeInteractor.swift in Sources */ = {isa = PBXBuildFile; fileRef = CC8769212694BED7C5EB25182CF8828A /* HomeInteractor.swift */; };
		9F6E24BE55F46F835FE318D3EDA19203 /* HomeInteractorMock.swift in Sources */ = {isa = PBXBuildFile; fileRef = 6F477768302BDC601599B8B6CC74B949 /* HomeInteractorMock.swift */; };
		9939142151498DA1EBD79685B78347B9 /* HomeInteractorTest.swift in Sources */ = {isa = PBXBuildFile; fileRef = A2BBE58C3FE57907F80BFD98AD2814D2 /* HomeInteractorTest.swift */; };
		918C7E776B6A0B1D8792C5B4A430C08E /* HomePresenter.swift in Sources */ = {isa = PBXBuildFile; fileRef = 02A4D4462F1DA28E042A1206068FAFCF /* HomePresenter.swift */; };
		5E094C3AE9D8F3E68BEBFD7A277420FF /* HomePresenterMock.swift in Sources */ = {isa = PBXBuildFile; fileRef = C9BBF1C980212C040A97F4F31819C124 /* HomePresenterMock.swift */; };
		CEF071D22D4901D2B21862CBE21454A7 /* HomePresenterTest.swift in Sources */ = {isa = PBXBuildFile; fileRef = 85E8544DC9D6EE9AF8DC39161B1884C9 /* HomePresenterTest.swift */; };
		97A3C88B7F73ACD53E9B3AEE5D4ED2F0 /* HomeRouter.swift in Sources */ = {isa = PBXBuildFile; fileRef = 92468D71C5C8D0501EC578DD60E358E0 /* HomeRouter.swift */; };
		439BDEE2B88CEEE34A4592353EA451D7 /* HomeRouterMock.swift in Sources */ = {isa = PBXBuildFile; fileRef = 4B44CF9469F35868B1918222291D828C /* HomeRouterMock.swift */; };
		1DD237D15F4B0E91C7E6DC6542C7A06D /* HomeRouterTest.swift in Sources */ = {isa = PBXBuildFile; fileRef = 66193A2EA6BE1ACB5600EAB50841EE4F /* HomeRouterTest.swift */; };
		76388DE9B4E972CA32C9FACC335F8025 /* HomeView.swift in Sources */ = {isa = PBXBuildFile; fileRef = FB157CE6CCAE781EE784A61977BB91B2 /* HomeView.swift */; };
		0B401043B897E6757F27DA3BB51E2E4E /* HomeViewController.swift in Sources */ = {isa = PBXBuildFile; fileRef = 505B43FC7956FB851426D7E6D5ECA9C3 /* HomeViewController.swift */; };
		117D629F1AFDBB34D121198D7B49A940 /* HomeViewControllerTest.swift in Sources */ = {isa = PBXBuildFile; fileRef = 153E6DA7856734C3C5773E24A5C86096 /* HomeViewControllerTest.swift */; };
		1054A74EF6876C07CF8EB9710DC84698 /* LaunchScreen.storyboard in Resources */ = {isa = PBXBuildFile; fileRef = D4B59EEBF84FD881482CA105BEF8CA12 /* LaunchScreen.storyboard */; };
		4A6B918A2BF46E306AAA01D605DE6A17 /* Pods_TweetSentimentAnalyser.framework in Frameworks */ = {isa = PBXBuildFile; fileRef = BAA0A4574AC78BF90E35101596E1B7E8 /* Pods_TweetSentimentAnalyser.framework */; };
		CB7C61607C457E3159643306D497DFAF /* Pods_TweetSentimentAnalyser_TweetSentimentAnalyserTests.framework in Frameworks */ = {isa = PBXBuildFile; fileRef = ED4A42B77B6F64A95C218E522D21B2EA /* Pods_TweetSentimentAnalyser_TweetSentimentAnalyserTests.framework */; };
		0499E29EA4CDC13A224277224825656E /* Pods_TweetSentimentAnalyser_TweetSentimentAnalyserUITests.framework in Frameworks */ = {isa = PBXBuildFile; fileRef = C0B4210C06A4AFB1344657E4B339FB54 /* Pods_TweetSentimentAnalyser_TweetSentimentAnalyserUITests.framework */; };
		52416F37472B4F3927E9DD2CFAE66D92 /* RemoteService.swift in Sources */ = {isa = PBXBuildFile; fileRef = B4F6A3EB8FA1858F729A0D03C3DB7004 /* RemoteService.swift */; };
		124F4836A07B74FD29DF3195338D5694 /* RemoteServiceMock.swift in Sources */ = {isa = PBXBuildFile; fileRef = 4F60FCF4F0C53834DF8E25B587CB1EF6 /* RemoteServiceMock.swift */; };
		FB61B6D753D1856D22B5B5BC11C50F0F /* RemoteServiceTest.swift in Sources */ = {isa = PBXBuildFile; fileRef = 288B953A9748687027AE2935385FA7E8 /* RemoteServiceTest.swift */; };
		3378968F019B5ED07437B339960BCFD0 /* Tweet.swift in Sources */ = {isa = PBXBuildFile; fileRef = 6829BFA472170F7609BB0F259F12EB32 /* Tweet.swift */; };
		C5E1F1517B95BB7B09BE67E48688B803 /* TweetSentimentAnalyserUITests.swift in Sources */ = {isa = PBXBuildFile; fileRef = F8220A778D7466D013993CE764A00BC4 /* TweetSentimentAnalyserUITests.swift */; };
		AB3EEEE494F9A352B79C788FDD9A18EE /* TweetesRouter.swift in Sources */ = {isa = PBXBuildFile; fileRef = E79E802AF2041C1F5B66AF8B487D633C /* TweetesRouter.swift */; };
		57D310D7098BFC23AD3FA101D399CF4B /* TweetsInteractor.swift in Sources */ = {isa = PBXBuildFile; fileRef = 0E4A22F148D11EEF63A36DE368DA4409 /* TweetsInteractor.swift */; };
		6BFC38A3E838771E114C20204268A81B /* TweetsInteractorTests.swift in Sources */ = {isa = PBXBuildFile; fileRef = 70A4E94B5D49F2DF89829FE27D1E5C7F /* TweetsInteractorTests.swift */; };
		F1D48EA676B0DA0FA92360CC808737BA /* TweetsPresenter.swift in Sources */ = {isa = PBXBuildFile; fileRef = A0AF3206800D1C3127E0A986E836EF10 /* TweetsPresenter.swift */; };
		D9F1A1605E4EF3099CD5DAD9467F4AB3 /* TweetsPresenterMock.swift in Sources */ = {isa = PBXBuildFile; fileRef = BD0F6ABACEEDC518328E104B5992A881 /* TweetsPresenterMock.swift */; };
		272783B8702FDBC1601913E9A79B2A12 /* TweetsView.swift in Sources */ = {isa = PBXBuildFile; fileRef = B77C26F0D48205D6D7CC18D97AD159E3 /* TweetsView.swift */; };
		922DF00D3464B523AF5C4BD6F98E3F16 /* TweetsViewController.swift in Sources */ = {isa = PBXBuildFile; fileRef = E8AE3AC280F7E023648D7B94C694EBE1 /* TweetsViewController.swift */; };
		4EDDB74E591AB60CAB819E9A8C1EC9AB /* TweetsViewControllerMock.swift in Sources */ = {isa = PBXBuildFile; fileRef = BC3419FB28E86FFCC02F7B93F8C0408B /* TweetsViewControllerMock.swift */; };
		612592046F2834DC7B14F23361AAB414 /* UIView+Ext.swift in Sources */ = {isa = PBXBuildFile; fileRef = 740DDB9EF07701B0D458E3F1A5773DE3 /* UIView+Ext.swift */; };
/* End PBXBuildFile section */

/* Begin PBXContainerItemProxy section */
		017BD8C807D08E336D12981346AB23CA /* PBXContainerItemProxy */ = {
			isa = PBXContainerItemProxy;
			containerPortal = AA3DF674108DEE545D829E87670F803E /* Project object */;
			proxyType = 1;
			remoteGlobalIDString = 19A6546254F0F90805E068D67012AD24;
			remoteInfo = TweetSentimentAnalyser;
		};
		F426F49E49D60B22BEB902935DE8625B /* PBXContainerItemProxy */ = {
			isa = PBXContainerItemProxy;
			containerPortal = AA3DF674108DEE545D829E87670F803E /* Project object */;
			proxyType = 1;
			remoteGlobalIDString = 19A6546254F0F90805E068D67012AD24;
			remoteInfo = TweetSentimentAnalyser;
		};
/* End PBXContainerItemProxy section */

/* Begin PBXFileReference section */
		74E182B165A52D05B121B3F079A84BC8 /* AppDelegate.swift */ = {isa = PBXFileReference; lastKnownFileType = sourcecode.swift; path = AppDelegate.swift; sourceTree = "<group>"; };
		87A122C8F22FC3C2F7205A10D82501F9 /* Assets.xcassets */ = {isa = PBXFileReference; lastKnownFileType = folder.assetcatalog; path = Assets.xcassets; sourceTree = "<group>"; };
		6B1B67F97A7D899719EA70B42E82778D /* Base */ = {isa = PBXFileReference; lastKnownFileType = file.storyboard; name = Base; path = Base.lproj/LaunchScreen.storyboard; sourceTree = "<group>"; };
		CC8769212694BED7C5EB25182CF8828A /* HomeInteractor.swift */ = {isa = PBXFileReference; fileEncoding = 4; lastKnownFileType = sourcecode.swift; path = HomeInteractor.swift; sourceTree = "<group>"; };
		6F477768302BDC601599B8B6CC74B949 /* HomeInteractorMock.swift */ = {isa = PBXFileReference; fileEncoding = 4; lastKnownFileType = sourcecode.swift; path = HomeInteractorMock.swift; sourceTree = "<group>"; };
		A2BBE58C3FE57907F80BFD98AD2814D2 /* HomeInteractorTest.swift */ = {isa = PBXFileReference; fileEncoding = 4; lastKnownFileType = sourcecode.swift; path = HomeInteractorTest.swift; sourceTree = "<group>"; };
		02A4D4462F1DA28E042A1206068FAFCF /* HomePresenter.swift */ = {isa = PBXFileReference; fileEncoding = 4; lastKnownFileType = sourcecode.swift; path = HomePresenter.swift; sourceTree = "<group>"; };
		C9BBF1C980212C040A97F4F31819C124 /* HomePresenterMock.swift */ = {isa = PBXFileReference; fileEncoding = 4; lastKnownFileType = sourcecode.swift; path = HomePresenterMock.swift; sourceTree = "<group>"; };
		85E8544DC9D6EE9AF8DC39161B1884C9 /* HomePresenterTest.swift */ = {isa = PBXFileReference; fileEncoding = 4; lastKnownFileType = sourcecode.swift; path = HomePresenterTest.swift; sourceTree = "<group>"; };
		92468D71C5C8D0501EC578DD60E358E0 /* HomeRouter.swift */ = {isa = PBXFileReference; fileEncoding = 4; lastKnownFileType = sourcecode.swift; path = HomeRouter.swift; sourceTree = "<group>"; };
		4B44CF9469F35868B1918222291D828C /* HomeRouterMock.swift */ = {isa = PBXFileReference; fileEncoding = 4; lastKnownFileType = sourcecode.swift; path = HomeRouterMock.swift; sourceTree = "<group>"; };
		66193A2EA6BE1ACB5600EAB50841EE4F /* HomeRouterTest.swift */ = {isa = PBXFileReference; fileEncoding = 4; lastKnownFileType = sourcecode.swift; path = HomeRouterTest.swift; sourceTree = "<group>"; };
		FB157CE6CCAE781EE784A61977BB91B2 /* HomeView.swift */ = {isa = PBXFileReference; fileEncoding = 4; lastKnownFileType = sourcecode.swift; path = HomeView.swift; sourceTree = "<group>"; };
		505B43FC7956FB851426D7E6D5ECA9C3 /* HomeViewController.swift */ = {isa = PBXFileReference; fileEncoding = 4; lastKnownFileType = sourcecode.swift; path = HomeViewController.swift; sourceTree = "<group>"; };
		153E6DA7856734C3C5773E24A5C86096 /* HomeViewControllerTest.swift */ = {isa = PBXFileReference; fileEncoding = 4; lastKnownFileType = sourcecode.swift; path = HomeViewControllerTest.swift; sourceTree = "<group>"; };
		58E020699D773707971648609C73FC84 /* Info.plist */ = {isa = PBXFileReference; lastKnownFileType = text.plist.xml; path = Info.plist; sourceTree = "<group>"; };
		947693DD956DD66460ECD868A776FAAC /* Info.plist */ = {isa = PBXFileReference; lastKnownFileType = text.plist.xml; path = Info.plist; sourceTree = "<group>"; };
		BF67DF812335CA46FD098390A396195C /* Info.plist */ = {isa = PBXFileReference; lastKnownFileType = text.plist.xml; path = Info.plist; sourceTree = "<group>"; };
		9893873F8C4B1FADC7A29FC9751286BD /* Pods-TweetSentimentAnalyser-TweetSentimentAnalyserTests.debug.xcconfig */ = {isa = PBXFileReference; includeInIndex = 1; lastKnownFileType = text.xcconfig; name = "Pods-TweetSentimentAnalyser-TweetSentimentAnalyserTests.debug.xcconfig"; path = "Target Support Files/Pods-TweetSentimentAnalyser-TweetSentimentAnalyserTests/Pods-TweetSentimentAnalyser-TweetSentimentAnalyserTests.debug.xcconfig"; sourceTree = "<group>"; };
		BA33A93A6DCAD9E5D6E243512BBB984A /* Pods-TweetSentimentAnalyser-TweetSentimentAnalyserTests.release.xcconfig */ = {isa = PBXFileReference; includeInIndex = 1; lastKnownFileType = text.xcconfig; name = "Pods-TweetSentimentAnalyser-TweetSentimentAnalyserTests.release.xcconfig"; path = "Target Support Files/Pods-TweetSentimentAnalyser-TweetSentimentAnalyserTests/Pods-TweetSentimentAnalyser-TweetSentimentAnalyserTests.release.xcconfig"; sourceTree = "<group>"; };
		AB264CAF6AC6BDC7528148AE5416FC14 /* Pods-TweetSentimentAnalyser-TweetSentimentAnalyserUITests.debug.xcconfig */ = {isa = PBXFileReference; includeInIndex = 1; lastKnownFileType = text.xcconfig; name = "Pods-TweetSentimentAnalyser-TweetSentimentAnalyserUITests.debug.xcconfig"; path = "Target Support Files/Pods-TweetSentimentAnalyser-TweetSentimentAnalyserUITests/Pods-TweetSentimentAnalyser-TweetSentimentAnalyserUITests.debug.xcconfig"; sourceTree = "<group>"; };
		801A44392BE7301AA24D55B11EDA8ACE /* Pods-TweetSentimentAnalyser-TweetSentimentAnalyserUITests.release.xcconfig */ = {isa = PBXFileReference; includeInIndex = 1; lastKnownFileType = text.xcconfig; name = "Pods-TweetSentimentAnalyser-TweetSentimentAnalyserUITests.release.xcconfig"; path = "Target Support Files/Pods-TweetSentimentAnalyser-TweetSentimentAnalyserUITests/Pods-TweetSentimentAnalyser-TweetSentimentAnalyserUITests.release.xcconfig"; sourceTree = "<group>"; };
		E5FD806934D31ABC1522F91BB7DE89C5 /* Pods-TweetSentimentAnalyser.debug.xcconfig */ = {isa = PBXFileReference; includeInIndex = 1; lastKnownFileType = text.xcconfig; name = "Pods-TweetSentimentAnalyser.debug.xcconfig"; path = "Target Support Files/Pods-TweetSentimentAnalyser/Pods-TweetSentimentAnalyser.debug.xcconfig"; sourceTree = "<group>"; };
		446CEA7A25A5B0CD8B00DB8EC8FB050B /* Pods-TweetSentimentAnalyser.release.xcconfig */ = {isa = PBXFileReference; includeInIndex = 1; lastKnownFileType = text.xcconfig; name = "Pods-TweetSentimentAnalyser.release.xcconfig"; path = "Target Support Files/Pods-TweetSentimentAnalyser/Pods-TweetSentimentAnalyser.release.xcconfig"; sourceTree = "<group>"; };
		B9FD3CBE501C121ECBCF298A7C9A910D /* Pods-TweetSentimentAnalyserTests.debug.xcconfig */ = {isa = PBXFileReference; includeInIndex = 1; lastKnownFileType = text.xcconfig; name = "Pods-TweetSentimentAnalyserTests.debug.xcconfig"; path = "Target Support Files/Pods-TweetSentimentAnalyserTests/Pods-TweetSentimentAnalyserTests.debug.xcconfig"; sourceTree = "<group>"; };
		D43B25A7586DB799CBF09821C172BBB1 /* Pods-TweetSentimentAnalyserTests.release.xcconfig */ = {isa = PBXFileReference; includeInIndex = 1; lastKnownFileType = text.xcconfig; name = "Pods-TweetSentimentAnalyserTests.release.xcconfig"; path = "Target Support Files/Pods-TweetSentimentAnalyserTests/Pods-TweetSentimentAnalyserTests.release.xcconfig"; sourceTree = "<group>"; };
		BAA0A4574AC78BF90E35101596E1B7E8 /* Pods_TweetSentimentAnalyser.framework */ = {isa = PBXFileReference; explicitFileType = wrapper.framework; includeInIndex = 0; path = Pods_TweetSentimentAnalyser.framework; sourceTree = BUILT_PRODUCTS_DIR; };
		ED4A42B77B6F64A95C218E522D21B2EA /* Pods_TweetSentimentAnalyser_TweetSentimentAnalyserTests.framework */ = {isa = PBXFileReference; explicitFileType = wrapper.framework; includeInIndex = 0; path = Pods_TweetSentimentAnalyser_TweetSentimentAnalyserTests.framework; sourceTree = BUILT_PRODUCTS_DIR; };
		C0B4210C06A4AFB1344657E4B339FB54 /* Pods_TweetSentimentAnalyser_TweetSentimentAnalyserUITests.framework */ = {isa = PBXFileReference; explicitFileType = wrapper.framework; includeInIndex = 0; path = Pods_TweetSentimentAnalyser_TweetSentimentAnalyserUITests.framework; sourceTree = BUILT_PRODUCTS_DIR; };
		B4F6A3EB8FA1858F729A0D03C3DB7004 /* RemoteService.swift */ = {isa = PBXFileReference; fileEncoding = 4; lastKnownFileType = sourcecode.swift; path = RemoteService.swift; sourceTree = "<group>"; };
		4F60FCF4F0C53834DF8E25B587CB1EF6 /* RemoteServiceMock.swift */ = {isa = PBXFileReference; fileEncoding = 4; lastKnownFileType = sourcecode.swift; path = RemoteServiceMock.swift; sourceTree = "<group>"; };
		288B953A9748687027AE2935385FA7E8 /* RemoteServiceTest.swift */ = {isa = PBXFileReference; fileEncoding = 4; lastKnownFileType = sourcecode.swift; path = RemoteServiceTest.swift; sourceTree = "<group>"; };
		6829BFA472170F7609BB0F259F12EB32 /* Tweet.swift */ = {isa = PBXFileReference; fileEncoding = 4; lastKnownFileType = sourcecode.swift; path = Tweet.swift; sourceTree = "<group>"; };
		58B5414DB77E9359C4B7C055015264DE /* TweetSentimentAnalyser.app */ = {isa = PBXFileReference; explicitFileType = wrapper.application; includeInIndex = 0; path = TweetSentimentAnalyser.app; sourceTree = BUILT_PRODUCTS_DIR; };
		4CDF613C027783198DB67C8725F75F00 /* TweetSentimentAnalyserTests.xctest */ = {isa = PBXFileReference; explicitFileType = wrapper.cfbundle; includeInIndex = 0; path = TweetSentimentAnalyserTests.xctest; sourceTree = BUILT_PRODUCTS_DIR; };
		F8220A778D7466D013993CE764A00BC4 /* TweetSentimentAnalyserUITests.swift */ = {isa = PBXFileReference; lastKnownFileType = sourcecode.swift; path = TweetSentimentAnalyserUITests.swift; sourceTree = "<group>"; };
		4AF8BA0A8EE70F94DF35153CBC3781D6 /* TweetSentimentAnalyserUITests.xctest */ = {isa = PBXFileReference; explicitFileType = wrapper.cfbundle; includeInIndex = 0; path = TweetSentimentAnalyserUITests.xctest; sourceTree = BUILT_PRODUCTS_DIR; };
		E79E802AF2041C1F5B66AF8B487D633C /* TweetesRouter.swift */ = {isa = PBXFileReference; fileEncoding = 4; lastKnownFileType = sourcecode.swift; path = TweetesRouter.swift; sourceTree = "<group>"; };
		0E4A22F148D11EEF63A36DE368DA4409 /* TweetsInteractor.swift */ = {isa = PBXFileReference; fileEncoding = 4; lastKnownFileType = sourcecode.swift; path = TweetsInteractor.swift; sourceTree = "<group>"; };
		70A4E94B5D49F2DF89829FE27D1E5C7F /* TweetsInteractorTests.swift */ = {isa = PBXFileReference; fileEncoding = 4; lastKnownFileType = sourcecode.swift; path = TweetsInteractorTests.swift; sourceTree = "<group>"; };
		A0AF3206800D1C3127E0A986E836EF10 /* TweetsPresenter.swift */ = {isa = PBXFileReference; fileEncoding = 4; lastKnownFileType = sourcecode.swift; path = TweetsPresenter.swift; sourceTree = "<group>"; };
		BD0F6ABACEEDC518328E104B5992A881 /* TweetsPresenterMock.swift */ = {isa = PBXFileReference; fileEncoding = 4; lastKnownFileType = sourcecode.swift; path = TweetsPresenterMock.swift; sourceTree = "<group>"; };
		B77C26F0D48205D6D7CC18D97AD159E3 /* TweetsView.swift */ = {isa = PBXFileReference; fileEncoding = 4; lastKnownFileType = sourcecode.swift; path = TweetsView.swift; sourceTree = "<group>"; };
		E8AE3AC280F7E023648D7B94C694EBE1 /* TweetsViewController.swift */ = {isa = PBXFileReference; fileEncoding = 4; lastKnownFileType = sourcecode.swift; path = TweetsViewController.swift; sourceTree = "<group>"; };
		BC3419FB28E86FFCC02F7B93F8C0408B /* TweetsViewControllerMock.swift */ = {isa = PBXFileReference; fileEncoding = 4; lastKnownFileType = sourcecode.swift; path = TweetsViewControllerMock.swift; sourceTree = "<group>"; };
		740DDB9EF07701B0D458E3F1A5773DE3 /* UIView+Ext.swift */ = {isa = PBXFileReference; fileEncoding = 4; lastKnownFileType = sourcecode.swift; path = "UIView+Ext.swift"; sourceTree = "<group>"; };
/* End PBXFileReference section */

/* Begin PBXFrameworksBuildPhase section */
		08A6C569E93F98D5BD57E8F7CA45EE06 /* Frameworks */ = {
			isa = PBXFrameworksBuildPhase;
			buildActionMask = 2147483647;
			files = (
				CB7C61607C457E3159643306D497DFAF /* Pods_TweetSentimentAnalyser_TweetSentimentAnalyserTests.framework in Frameworks */,
			);
			runOnlyForDeploymentPostprocessing = 0;
		};
		0CE8BCD4D999923AFB2C40A2FC4D76A1 /* Frameworks */ = {
			isa = PBXFrameworksBuildPhase;
			buildActionMask = 2147483647;
			files = (
				4A6B918A2BF46E306AAA01D605DE6A17 /* Pods_TweetSentimentAnalyser.framework in Frameworks */,
			);
			runOnlyForDeploymentPostprocessing = 0;
		};
		7C4E95B4C5CF6508039B9EC33327B5B7 /* Frameworks */ = {
			isa = PBXFrameworksBuildPhase;
			buildActionMask = 2147483647;
			files = (
				0499E29EA4CDC13A224277224825656E /* Pods_TweetSentimentAnalyser_TweetSentimentAnalyserUITests.framework in Frameworks */,
			);
			runOnlyForDeploymentPostprocessing = 0;
		};
/* End PBXFrameworksBuildPhase section */

/* Begin PBXGroup section */
		1CAC4D060FD040E7027FD8B1670D5215 /* Mocks */ = {
			isa = PBXGroup;
			children = (
				6F477768302BDC601599B8B6CC74B949 /* HomeInteractorMock.swift */,
				C9BBF1C980212C040A97F4F31819C124 /* HomePresenterMock.swift */,
				4B44CF9469F35868B1918222291D828C /* HomeRouterMock.swift */,
			);
			path = Mocks;
			sourceTree = "<group>";
		};
		1FD76911ACC828CC1DF4453E112CB8B0 /* Frameworks */ = {
			isa = PBXGroup;
			children = (
				BAA0A4574AC78BF90E35101596E1B7E8 /* Pods_TweetSentimentAnalyser.framework */,
				ED4A42B77B6F64A95C218E522D21B2EA /* Pods_TweetSentimentAnalyser_TweetSentimentAnalyserTests.framework */,
				C0B4210C06A4AFB1344657E4B339FB54 /* Pods_TweetSentimentAnalyser_TweetSentimentAnalyserUITests.framework */,
			);
			name = Frameworks;
			sourceTree = "<group>";
		};
		3C8D90AAFD81099F902EC3A7783A13B7 /* Networking */ = {
			isa = PBXGroup;
			children = (
				B4F6A3EB8FA1858F729A0D03C3DB7004 /* RemoteService.swift */,
			);
			path = Networking;
			sourceTree = "<group>";
		};
		504A1EA7E59C3D698EB3695D1F7AD008 /* Classes */ = {
			isa = PBXGroup;
			children = (
				D877D38C66EC11970856B01FF2AB6A07 /* App */,
				8AA46617C5A15CA44A5A47BD6ECDCB21 /* Common */,
				EF3D3B1275CAFFC0A248F8A43FDF3FBA /* Extensions */,
				EEC4502D92860A49EA9C4107CB7B53BA /* Modules */,
			);
			path = Classes;
			sourceTree = "<group>";
		};
		53D2555B64DC79B76B87E52A102A2DA6 /* Entities */ = {
			isa = PBXGroup;
			children = (
				6829BFA472170F7609BB0F259F12EB32 /* Tweet.swift */,
			);
			path = Entities;
			sourceTree = "<group>";
		};
		5E8747F5E822F5B7056ABDB09E848D23 /* Products */ = {
			isa = PBXGroup;
			children = (
				58B5414DB77E9359C4B7C055015264DE /* TweetSentimentAnalyser.app */,
				4CDF613C027783198DB67C8725F75F00 /* TweetSentimentAnalyserTests.xctest */,
				4AF8BA0A8EE70F94DF35153CBC3781D6 /* TweetSentimentAnalyserUITests.xctest */,
			);
			name = Products;
			sourceTree = "<group>";
		};
		62E37BC04BC76D572111179D92815AEF /* Mocks */ = {
			isa = PBXGroup;
			children = (
				BD0F6ABACEEDC518328E104B5992A881 /* TweetsPresenterMock.swift */,
				BC3419FB28E86FFCC02F7B93F8C0408B /* TweetsViewControllerMock.swift */,
			);
			path = Mocks;
			sourceTree = "<group>";
		};
		6E61A26E785E2D08793E439ED0A83C0B /* Pods */ = {
			isa = PBXGroup;
			children = (
				9893873F8C4B1FADC7A29FC9751286BD /* Pods-TweetSentimentAnalyser-TweetSentimentAnalyserTests.debug.xcconfig */,
				BA33A93A6DCAD9E5D6E243512BBB984A /* Pods-TweetSentimentAnalyser-TweetSentimentAnalyserTests.release.xcconfig */,
				AB264CAF6AC6BDC7528148AE5416FC14 /* Pods-TweetSentimentAnalyser-TweetSentimentAnalyserUITests.debug.xcconfig */,
				801A44392BE7301AA24D55B11EDA8ACE /* Pods-TweetSentimentAnalyser-TweetSentimentAnalyserUITests.release.xcconfig */,
				E5FD806934D31ABC1522F91BB7DE89C5 /* Pods-TweetSentimentAnalyser.debug.xcconfig */,
				446CEA7A25A5B0CD8B00DB8EC8FB050B /* Pods-TweetSentimentAnalyser.release.xcconfig */,
				B9FD3CBE501C121ECBCF298A7C9A910D /* Pods-TweetSentimentAnalyserTests.debug.xcconfig */,
				D43B25A7586DB799CBF09821C172BBB1 /* Pods-TweetSentimentAnalyserTests.release.xcconfig */,
			);
			path = Pods;
			sourceTree = "<group>";
		};
		7F5F76F859153A50C249739170B64AB2 /* Home */ = {
			isa = PBXGroup;
			children = (
				1CAC4D060FD040E7027FD8B1670D5215 /* Mocks */,
				A2BBE58C3FE57907F80BFD98AD2814D2 /* HomeInteractorTest.swift */,
				85E8544DC9D6EE9AF8DC39161B1884C9 /* HomePresenterTest.swift */,
				66193A2EA6BE1ACB5600EAB50841EE4F /* HomeRouterTest.swift */,
				153E6DA7856734C3C5773E24A5C86096 /* HomeViewControllerTest.swift */,
			);
			path = Home;
			sourceTree = "<group>";
		};
		8AA46617C5A15CA44A5A47BD6ECDCB21 /* Common */ = {
			isa = PBXGroup;
			children = (
				53D2555B64DC79B76B87E52A102A2DA6 /* Entities */,
				3C8D90AAFD81099F902EC3A7783A13B7 /* Networking */,
			);
			path = Common;
			sourceTree = "<group>";
		};
		9B5F21A35C434CB62764C9D8DEBE619F /* Tweets */ = {
			isa = PBXGroup;
			children = (
				62E37BC04BC76D572111179D92815AEF /* Mocks */,
				70A4E94B5D49F2DF89829FE27D1E5C7F /* TweetsInteractorTests.swift */,
			);
			path = Tweets;
			sourceTree = "<group>";
		};
		A2702118F54D6B53615258A607F3C6B8 /* Tweets */ = {
			isa = PBXGroup;
			children = (
				E79E802AF2041C1F5B66AF8B487D633C /* TweetesRouter.swift */,
				0E4A22F148D11EEF63A36DE368DA4409 /* TweetsInteractor.swift */,
				A0AF3206800D1C3127E0A986E836EF10 /* TweetsPresenter.swift */,
				B77C26F0D48205D6D7CC18D97AD159E3 /* TweetsView.swift */,
				E8AE3AC280F7E023648D7B94C694EBE1 /* TweetsViewController.swift */,
			);
			path = Tweets;
			sourceTree = "<group>";
		};
		A7083B1265E9F4F6F89D7F83ECDB4B85 /* TweetSentimentAnalyserTests */ = {
			isa = PBXGroup;
			children = (
				C501F78FF9AD63F0F0AB3D40CC1474B3 /* Common */,
				E9987D5F2B20C25C9D6F4777CB739944 /* Modules */,
				58E020699D773707971648609C73FC84 /* Info.plist */,
			);
			path = TweetSentimentAnalyserTests;
			sourceTree = "<group>";
		};
		AF150830479916365B29966F657016E4 /* TweetSentimentAnalyserUITests */ = {
			isa = PBXGroup;
			children = (
				947693DD956DD66460ECD868A776FAAC /* Info.plist */,
				F8220A778D7466D013993CE764A00BC4 /* TweetSentimentAnalyserUITests.swift */,
			);
			path = TweetSentimentAnalyserUITests;
			sourceTree = "<group>";
		};
		BE2830FC79CB24296347CBD11E006FD0 /* Supporting Files */ = {
			isa = PBXGroup;
			children = (
				BF67DF812335CA46FD098390A396195C /* Info.plist */,
				D4B59EEBF84FD881482CA105BEF8CA12 /* LaunchScreen.storyboard */,
			);
			path = "Supporting Files";
			sourceTree = "<group>";
		};
		80EF137BD5C625704304E9DF166EE289 /* Networking */ = {
			isa = PBXGroup;
			children = (
				815EF150B5A6C24AC56028744566726D /* Mocks */,
				288B953A9748687027AE2935385FA7E8 /* RemoteServiceTest.swift */,
			);
			path = Networking;
			sourceTree = "<group>";
		};
		815EF150B5A6C24AC56028744566726D /* Mocks */ = {
			isa = PBXGroup;
			children = (
				4F60FCF4F0C53834DF8E25B587CB1EF6 /* RemoteServiceMock.swift */,
			);
			path = Mocks;
			sourceTree = "<group>";
		};
		C501F78FF9AD63F0F0AB3D40CC1474B3 /* Common */ = {
			isa = PBXGroup;
			children = (
				80EF137BD5C625704304E9DF166EE289 /* Networking */,
			);
			path = Common;
			sourceTree = "<group>";
		};
		BEC641C801F634D6E9C49667333EC52E /* TweetSentimentAnalyser */ = {
			isa = PBXGroup;
			children = (
				504A1EA7E59C3D698EB3695D1F7AD008 /* Classes */,
				C10CD9C697836E74822B706C1BE555CA /* Resources */,
				BE2830FC79CB24296347CBD11E006FD0 /* Supporting Files */,
			);
			path = TweetSentimentAnalyser;
			sourceTree = "<group>";
		};
		BF12EE5968D2B9E408BFC85F211495F5 /* Home */ = {
			isa = PBXGroup;
			children = (
				CC8769212694BED7C5EB25182CF8828A /* HomeInteractor.swift */,
				02A4D4462F1DA28E042A1206068FAFCF /* HomePresenter.swift */,
				92468D71C5C8D0501EC578DD60E358E0 /* HomeRouter.swift */,
				FB157CE6CCAE781EE784A61977BB91B2 /* HomeView.swift */,
				505B43FC7956FB851426D7E6D5ECA9C3 /* HomeViewController.swift */,
			);
			path = Home;
			sourceTree = "<group>";
		};
		C10CD9C697836E74822B706C1BE555CA /* Resources */ = {
			isa = PBXGroup;
			children = (
				87A122C8F22FC3C2F7205A10D82501F9 /* Assets.xcassets */,
			);
			path = Resources;
			sourceTree = "<group>";
		};
		D877D38C66EC11970856B01FF2AB6A07 /* App */ = {
			isa = PBXGroup;
			children = (
				74E182B165A52D05B121B3F079A84BC8 /* AppDelegate.swift */,
			);
			path = App;
			sourceTree = "<group>";
		};
		DC596C5DE4923E63355A6B44569239DA = {
			isa = PBXGroup;
			children = (
				1FD76911ACC828CC1DF4453E112CB8B0 /* Frameworks */,
				6E61A26E785E2D08793E439ED0A83C0B /* Pods */,
				5E8747F5E822F5B7056ABDB09E848D23 /* Products */,
				BEC641C801F634D6E9C49667333EC52E /* TweetSentimentAnalyser */,
				A7083B1265E9F4F6F89D7F83ECDB4B85 /* TweetSentimentAnalyserTests */,
				AF150830479916365B29966F657016E4 /* TweetSentimentAnalyserUITests */,
			);
			sourceTree = "<group>";
		};
		E9987D5F2B20C25C9D6F4777CB739944 /* Modules */ = {
			isa = PBXGroup;
			children = (
				7F5F76F859153A50C249739170B64AB2 /* Home */,
				9B5F21A35C434CB62764C9D8DEBE619F /* Tweets */,
			);
			path = Modules;
			sourceTree = "<group>";
		};
		EEC4502D92860A49EA9C4107CB7B53BA /* Modules */ = {
			isa = PBXGroup;
			children = (
				BF12EE5968D2B9E408BFC85F211495F5 /* Home */,
				A2702118F54D6B53615258A607F3C6B8 /* Tweets */,
			);
			path = Modules;
			sourceTree = "<group>";
		};
		EF3D3B1275CAFFC0A248F8A43FDF3FBA /* Extensions */ = {
			isa = PBXGroup;
			children = (
				740DDB9EF07701B0D458E3F1A5773DE3 /* UIView+Ext.swift */,
			);
			path = Extensions;
			sourceTree = "<group>";
		};
/* End PBXGroup section */

/* Begin PBXNativeTarget section */
		19A6546254F0F90805E068D67012AD24 /* TweetSentimentAnalyser */ = {
			isa = PBXNativeTarget;
			buildConfigurationList = 4D3FC3F6354FC0F8177C0497CFC42E08 /* Build configuration list for PBXNativeTarget "TweetSentimentAnalyser" */;
			buildPhases = (
				2C47E6304EDFF0231823BF17FC6BC5E9 /* [CP] Check Pods Manifest.lock */,
				398C520547BE2561178801D856F308AB /* Sources */,
				0CE8BCD4D999923AFB2C40A2FC4D76A1 /* Frameworks */,
				03F925DD41822DFEFAFC4E346FC994ED /* Resources */,
				BD1963A1AEA40CD65A8D1E360B54FD56 /* [CP] Embed Pods Frameworks */,
			);
			buildRules = (
			);
			dependencies = (
			);
			name = TweetSentimentAnalyser;
			productName = TweetSentimentAnalyser;
			productReference = 58B5414DB77E9359C4B7C055015264DE /* TweetSentimentAnalyser.app */;
			productType = "com.apple.product-type.application";
		};
		A306283C727642612156DBDF6091229D /* TweetSentimentAnalyserTests */ = {
			isa = PBXNativeTarget;
			buildConfigurationList = B863A7F6F924BFDCE00BF958C98EDB07 /* Build configuration list for PBXNativeTarget "TweetSentimentAnalyserTests" */;
			buildPhases = (
				708D3058B9C6CE9562125ADA51207E95 /* [CP] Check Pods Manifest.lock */,
				2830E2DA68C857FA6D6E1D5EAC5D11D6 /* Sources */,
				08A6C569E93F98D5BD57E8F7CA45EE06 /* Frameworks */,
				81AB88CDCB982A8B7ABB8689FCD78AE3 /* Resources */,
				D661A7F560171AD8CADCC453C6D0D534 /* [CP] Embed Pods Frameworks */,
			);
			buildRules = (
			);
			dependencies = (
				E533E76EEBB78A5EDA9EBE1D14423172 /* PBXTargetDependency */,
			);
			name = TweetSentimentAnalyserTests;
			productName = TweetSentimentAnalyserTests;
			productReference = 4CDF613C027783198DB67C8725F75F00 /* TweetSentimentAnalyserTests.xctest */;
			productType = "com.apple.product-type.bundle.unit-test";
		};
		F56E7E7992CB607CB45D0549B5557BB8 /* TweetSentimentAnalyserUITests */ = {
			isa = PBXNativeTarget;
			buildConfigurationList = DEE97960FCC10216A511B5E18F14C7E0 /* Build configuration list for PBXNativeTarget "TweetSentimentAnalyserUITests" */;
			buildPhases = (
				D4B983270F94255EF88B89F1E9388A3A /* [CP] Check Pods Manifest.lock */,
				2E3A3A05F2A38E82F67113A8EDDF61F4 /* Sources */,
				7C4E95B4C5CF6508039B9EC33327B5B7 /* Frameworks */,
				7D000228E8F7EE7E53DE9550E3F56011 /* Resources */,
				3124A07A7A3C110553AAD8F127BE825F /* [CP] Embed Pods Frameworks */,
			);
			buildRules = (
			);
			dependencies = (
				C3AE79D8C76C18F411A5BBB5E7C1816E /* PBXTargetDependency */,
			);
			name = TweetSentimentAnalyserUITests;
			productName = TweetSentimentAnalyserUITests;
			productReference = 4AF8BA0A8EE70F94DF35153CBC3781D6 /* TweetSentimentAnalyserUITests.xctest */;
			productType = "com.apple.product-type.bundle.ui-testing";
		};
/* End PBXNativeTarget section */

/* Begin PBXProject section */
		AA3DF674108DEE545D829E87670F803E /* Project object */ = {
			isa = PBXProject;
			attributes = {
				LastSwiftUpdateCheck = 1130;
				LastUpgradeCheck = 1130;
				ORGANIZATIONNAME = "Michel Bueno";
				TargetAttributes = {
					19A6546254F0F90805E068D67012AD24 = {
						CreatedOnToolsVersion = 11.3;
					};
					A306283C727642612156DBDF6091229D = {
						CreatedOnToolsVersion = 11.3;
						TestTargetID = 19A6546254F0F90805E068D67012AD24;
					};
					F56E7E7992CB607CB45D0549B5557BB8 = {
						CreatedOnToolsVersion = 11.3;
						TestTargetID = 19A6546254F0F90805E068D67012AD24;
					};
				};
			};
			buildConfigurationList = C837C4DFDE3108ADFFE9E15DB6EC445D /* Build configuration list for PBXProject "TweetSentimentAnalyser" */;
			compatibilityVersion = "Xcode 9.3";
			developmentRegion = en;
			hasScannedForEncodings = 0;
			knownRegions = (
				en,
				Base,
			);
			mainGroup = DC596C5DE4923E63355A6B44569239DA;
			productRefGroup = 5E8747F5E822F5B7056ABDB09E848D23 /* Products */;
			projectDirPath = "";
			projectRoot = "";
			targets = (
				19A6546254F0F90805E068D67012AD24 /* TweetSentimentAnalyser */,
				A306283C727642612156DBDF6091229D /* TweetSentimentAnalyserTests */,
				F56E7E7992CB607CB45D0549B5557BB8 /* TweetSentimentAnalyserUITests */,
			);
		};
/* End PBXProject section */

/* Begin PBXResourcesBuildPhase section */
		03F925DD41822DFEFAFC4E346FC994ED /* Resources */ = {
			isa = PBXResourcesBuildPhase;
			buildActionMask = 2147483647;
			files = (
				82F0AF7F8CBA460BA95464D9A9E5B5FF /* Assets.xcassets in Resources */,
				1054A74EF6876C07CF8EB9710DC84698 /* LaunchScreen.storyboard in Resources */,
			);
			runOnlyForDeploymentPostprocessing = 0;
		};
		7D000228E8F7EE7E53DE9550E3F56011 /* Resources */ = {
			isa = PBXResourcesBuildPhase;
			buildActionMask = 2147483647;
			files = (
			);
			runOnlyForDeploymentPostprocessing = 0;
		};
		81AB88CDCB982A8B7ABB8689FCD78AE3 /* Resources */ = {
			isa = PBXResourcesBuildPhase;
			buildActionMask = 2147483647;
			files = (
			);
			runOnlyForDeploymentPostprocessing = 0;
		};
/* End PBXResourcesBuildPhase section */

/* Begin PBXShellScriptBuildPhase section */
		2C47E6304EDFF0231823BF17FC6BC5E9 /* [CP] Check Pods Manifest.lock */ = {
			isa = PBXShellScriptBuildPhase;
			buildActionMask = 2147483647;
			files = (
			);
			inputFileListPaths = (
			);
			inputPaths = (
				"${PODS_PODFILE_DIR_PATH}/Podfile.lock",
				"${PODS_ROOT}/Manifest.lock",
			);
			name = "[CP] Check Pods Manifest.lock";
			outputFileListPaths = (
			);
			outputPaths = (
				"$(DERIVED_FILE_DIR)/Pods-TweetSentimentAnalyser-checkManifestLockResult.txt",
			);
			runOnlyForDeploymentPostprocessing = 0;
			shellPath = /bin/sh;
			shellScript = "diff \"${PODS_PODFILE_DIR_PATH}/Podfile.lock\" \"${PODS_ROOT}/Manifest.lock\" > /dev/null\nif [ $? != 0 ] ; then\n    # print error to STDERR\n    echo \"error: The sandbox is not in sync with the Podfile.lock. Run 'pod install' or update your CocoaPods installation.\" >&2\n    exit 1\nfi\n# This output is used by Xcode 'outputs' to avoid re-running this script phase.\necho \"SUCCESS\" > \"${SCRIPT_OUTPUT_FILE_0}\"\n";
			showEnvVarsInLog = 0;
		};
		3124A07A7A3C110553AAD8F127BE825F /* [CP] Embed Pods Frameworks */ = {
			isa = PBXShellScriptBuildPhase;
			buildActionMask = 2147483647;
			files = (
			);
			inputFileListPaths = (
				"${PODS_ROOT}/Target Support Files/Pods-TweetSentimentAnalyser-TweetSentimentAnalyserUITests/Pods-TweetSentimentAnalyser-TweetSentimentAnalyserUITests-frameworks-${CONFIGURATION}-input-files.xcfilelist",
			);
			name = "[CP] Embed Pods Frameworks";
			outputFileListPaths = (
				"${PODS_ROOT}/Target Support Files/Pods-TweetSentimentAnalyser-TweetSentimentAnalyserUITests/Pods-TweetSentimentAnalyser-TweetSentimentAnalyserUITests-frameworks-${CONFIGURATION}-output-files.xcfilelist",
			);
			runOnlyForDeploymentPostprocessing = 0;
			shellPath = /bin/sh;
			shellScript = "\"${PODS_ROOT}/Target Support Files/Pods-TweetSentimentAnalyser-TweetSentimentAnalyserUITests/Pods-TweetSentimentAnalyser-TweetSentimentAnalyserUITests-frameworks.sh\"\n";
			showEnvVarsInLog = 0;
		};
		708D3058B9C6CE9562125ADA51207E95 /* [CP] Check Pods Manifest.lock */ = {
			isa = PBXShellScriptBuildPhase;
			buildActionMask = 2147483647;
			files = (
			);
			inputFileListPaths = (
			);
			inputPaths = (
				"${PODS_PODFILE_DIR_PATH}/Podfile.lock",
				"${PODS_ROOT}/Manifest.lock",
			);
			name = "[CP] Check Pods Manifest.lock";
			outputFileListPaths = (
			);
			outputPaths = (
				"$(DERIVED_FILE_DIR)/Pods-TweetSentimentAnalyser-TweetSentimentAnalyserTests-checkManifestLockResult.txt",
			);
			runOnlyForDeploymentPostprocessing = 0;
			shellPath = /bin/sh;
			shellScript = "diff \"${PODS_PODFILE_DIR_PATH}/Podfile.lock\" \"${PODS_ROOT}/Manifest.lock\" > /dev/null\nif [ $? != 0 ] ; then\n    # print error to STDERR\n    echo \"error: The sandbox is not in sync with the Podfile.lock. Run 'pod install' or update your CocoaPods installation.\" >&2\n    exit 1\nfi\n# This output is used by Xcode 'outputs' to avoid re-running this script phase.\necho \"SUCCESS\" > \"${SCRIPT_OUTPUT_FILE_0}\"\n";
			showEnvVarsInLog = 0;
		};
		BD1963A1AEA40CD65A8D1E360B54FD56 /* [CP] Embed Pods Frameworks */ = {
			isa = PBXShellScriptBuildPhase;
			buildActionMask = 2147483647;
			files = (
			);
			inputFileListPaths = (
				"${PODS_ROOT}/Target Support Files/Pods-TweetSentimentAnalyser/Pods-TweetSentimentAnalyser-frameworks-${CONFIGURATION}-input-files.xcfilelist",
			);
			name = "[CP] Embed Pods Frameworks";
			outputFileListPaths = (
				"${PODS_ROOT}/Target Support Files/Pods-TweetSentimentAnalyser/Pods-TweetSentimentAnalyser-frameworks-${CONFIGURATION}-output-files.xcfilelist",
			);
			runOnlyForDeploymentPostprocessing = 0;
			shellPath = /bin/sh;
			shellScript = "\"${PODS_ROOT}/Target Support Files/Pods-TweetSentimentAnalyser/Pods-TweetSentimentAnalyser-frameworks.sh\"\n";
			showEnvVarsInLog = 0;
		};
		D4B983270F94255EF88B89F1E9388A3A /* [CP] Check Pods Manifest.lock */ = {
			isa = PBXShellScriptBuildPhase;
			buildActionMask = 2147483647;
			files = (
			);
			inputFileListPaths = (
			);
			inputPaths = (
				"${PODS_PODFILE_DIR_PATH}/Podfile.lock",
				"${PODS_ROOT}/Manifest.lock",
			);
			name = "[CP] Check Pods Manifest.lock";
			outputFileListPaths = (
			);
			outputPaths = (
				"$(DERIVED_FILE_DIR)/Pods-TweetSentimentAnalyser-TweetSentimentAnalyserUITests-checkManifestLockResult.txt",
			);
			runOnlyForDeploymentPostprocessing = 0;
			shellPath = /bin/sh;
			shellScript = "diff \"${PODS_PODFILE_DIR_PATH}/Podfile.lock\" \"${PODS_ROOT}/Manifest.lock\" > /dev/null\nif [ $? != 0 ] ; then\n    # print error to STDERR\n    echo \"error: The sandbox is not in sync with the Podfile.lock. Run 'pod install' or update your CocoaPods installation.\" >&2\n    exit 1\nfi\n# This output is used by Xcode 'outputs' to avoid re-running this script phase.\necho \"SUCCESS\" > \"${SCRIPT_OUTPUT_FILE_0}\"\n";
			showEnvVarsInLog = 0;
		};
		D661A7F560171AD8CADCC453C6D0D534 /* [CP] Embed Pods Frameworks */ = {
			isa = PBXShellScriptBuildPhase;
			buildActionMask = 2147483647;
			files = (
			);
			inputFileListPaths = (
				"${PODS_ROOT}/Target Support Files/Pods-TweetSentimentAnalyser-TweetSentimentAnalyserTests/Pods-TweetSentimentAnalyser-TweetSentimentAnalyserTests-frameworks-${CONFIGURATION}-input-files.xcfilelist",
			);
			name = "[CP] Embed Pods Frameworks";
			outputFileListPaths = (
				"${PODS_ROOT}/Target Support Files/Pods-TweetSentimentAnalyser-TweetSentimentAnalyserTests/Pods-TweetSentimentAnalyser-TweetSentimentAnalyserTests-frameworks-${CONFIGURATION}-output-files.xcfilelist",
			);
			runOnlyForDeploymentPostprocessing = 0;
			shellPath = /bin/sh;
			shellScript = "\"${PODS_ROOT}/Target Support Files/Pods-TweetSentimentAnalyser-TweetSentimentAnalyserTests/Pods-TweetSentimentAnalyser-TweetSentimentAnalyserTests-frameworks.sh\"\n";
			showEnvVarsInLog = 0;
		};
/* End PBXShellScriptBuildPhase section */

/* Begin PBXSourcesBuildPhase section */
		2830E2DA68C857FA6D6E1D5EAC5D11D6 /* Sources */ = {
			isa = PBXSourcesBuildPhase;
			buildActionMask = 2147483647;
			files = (
				9F6E24BE55F46F835FE318D3EDA19203 /* HomeInteractorMock.swift in Sources */,
				9939142151498DA1EBD79685B78347B9 /* HomeInteractorTest.swift in Sources */,
				5E094C3AE9D8F3E68BEBFD7A277420FF /* HomePresenterMock.swift in Sources */,
				CEF071D22D4901D2B21862CBE21454A7 /* HomePresenterTest.swift in Sources */,
				439BDEE2B88CEEE34A4592353EA451D7 /* HomeRouterMock.swift in Sources */,
				1DD237D15F4B0E91C7E6DC6542C7A06D /* HomeRouterTest.swift in Sources */,
				117D629F1AFDBB34D121198D7B49A940 /* HomeViewControllerTest.swift in Sources */,
				124F4836A07B74FD29DF3195338D5694 /* RemoteServiceMock.swift in Sources */,
				FB61B6D753D1856D22B5B5BC11C50F0F /* RemoteServiceTest.swift in Sources */,
				6BFC38A3E838771E114C20204268A81B /* TweetsInteractorTests.swift in Sources */,
				D9F1A1605E4EF3099CD5DAD9467F4AB3 /* TweetsPresenterMock.swift in Sources */,
				4EDDB74E591AB60CAB819E9A8C1EC9AB /* TweetsViewControllerMock.swift in Sources */,
			);
			runOnlyForDeploymentPostprocessing = 0;
		};
		2E3A3A05F2A38E82F67113A8EDDF61F4 /* Sources */ = {
			isa = PBXSourcesBuildPhase;
			buildActionMask = 2147483647;
			files = (
				C5E1F1517B95BB7B09BE67E48688B803 /* TweetSentimentAnalyserUITests.swift in Sources */,
			);
			runOnlyForDeploymentPostprocessing = 0;
		};
		398C520547BE2561178801D856F308AB /* Sources */ = {
			isa = PBXSourcesBuildPhase;
			buildActionMask = 2147483647;
			files = (
				3C49BA14BC132566C619F9A191ACC4C7 /* AppDelegate.swift in Sources */,
				127EFF3C81A80A726FDA5FE80C05C2D0 /* HomeInteractor.swift in Sources */,
				918C7E776B6A0B1D8792C5B4A430C08E /* HomePresenter.swift in Sources */,
				97A3C88B7F73ACD53E9B3AEE5D4ED2F0 /* HomeRouter.swift in Sources */,
				76388DE9B4E972CA32C9FACC335F8025 /* HomeView.swift in Sources */,
				0B401043B897E6757F27DA3BB51E2E4E /* HomeViewController.swift in Sources */,
				52416F37472B4F3927E9DD2CFAE66D92 /* RemoteService.swift in Sources */,
				3378968F019B5ED07437B339960BCFD0 /* Tweet.swift in Sources */,
				AB3EEEE494F9A352B79C788FDD9A18EE /* TweetesRouter.swift in Sources */,
				57D310D7098BFC23AD3FA101D399CF4B /* TweetsInteractor.swift in Sources */,
				F1D48EA676B0DA0FA92360CC808737BA /* TweetsPresenter.swift in Sources */,
				272783B8702FDBC1601913E9A79B2A12 /* TweetsView.swift in Sources */,
				922DF00D3464B523AF5C4BD6F98E3F16 /* TweetsViewController.swift in Sources */,
				612592046F2834DC7B14F23361AAB414 /* UIView+Ext.swift in Sources */,
			);
			runOnlyForDeploymentPostprocessing = 0;
		};
/* End PBXSourcesBuildPhase section */

/* Begin PBXTargetDependency section */
		C3AE79D8C76C18F411A5BBB5E7C1816E /* PBXTargetDependency */ = {
			isa = PBXTargetDependency;
			target = 19A6546254F0F90805E068D67012AD24 /* TweetSentimentAnalyser */;
			targetProxy = 017BD8C807D08E336D12981346AB23CA /* PBXContainerItemProxy */;
		};
		E533E76EEBB78A5EDA9EBE1D14423172 /* PBXTargetDependency */ = {
			isa = PBXTargetDependency;
			target = 19A6546254F0F90805E068D67012AD24 /* TweetSentimentAnalyser */;
			targetProxy = F426F49E49D60B22BEB902935DE8625B /* PBXContainerItemProxy */;
		};
/* End PBXTargetDependency section */

/* Begin PBXVariantGroup section */
		D4B59EEBF84FD881482CA105BEF8CA12 /* LaunchScreen.storyboard */ = {
			isa = PBXVariantGroup;
			children = (
				6B1B67F97A7D899719EA70B42E82778D /* Base */,
			);
			name = LaunchScreen.storyboard;
			sourceTree = "<group>";
		};
/* End PBXVariantGroup section */

/* Begin XCBuildConfiguration section */
		2466F9EEF9C637792F912323B3A06681 /* Release */ = {
			isa = XCBuildConfiguration;
			baseConfigurationReference = 801A44392BE7301AA24D55B11EDA8ACE /* Pods-TweetSentimentAnalyser-TweetSentimentAnalyserUITests.release.xcconfig */;
			buildSettings = {
				ALWAYS_EMBED_SWIFT_STANDARD_LIBRARIES = YES;
				CODE_SIGN_STYLE = Automatic;
				DEVELOPMENT_TEAM = 237XHR5ZVU;
				INFOPLIST_FILE = TweetSentimentAnalyserUITests/Info.plist;
				LD_RUNPATH_SEARCH_PATHS = (
					"$(inherited)",
					"@executable_path/Frameworks",
					"@loader_path/Frameworks",
				);
				PRODUCT_BUNDLE_IDENTIFIER = net.michelbueno.TweetSentimentAnalyserUITests;
				PRODUCT_NAME = "$(TARGET_NAME)";
				SWIFT_VERSION = 5.0;
				TARGETED_DEVICE_FAMILY = "1,2";
				TEST_TARGET_NAME = TweetSentimentAnalyser;
			};
			name = Release;
		};
		511D9F50B31244DC89A3E821D2016BDD /* Release */ = {
			isa = XCBuildConfiguration;
			baseConfigurationReference = BA33A93A6DCAD9E5D6E243512BBB984A /* Pods-TweetSentimentAnalyser-TweetSentimentAnalyserTests.release.xcconfig */;
			buildSettings = {
				ALWAYS_EMBED_SWIFT_STANDARD_LIBRARIES = YES;
				BUNDLE_LOADER = "$(TEST_HOST)";
				CODE_SIGN_STYLE = Automatic;
				DEVELOPMENT_TEAM = 237XHR5ZVU;
				INFOPLIST_FILE = TweetSentimentAnalyserTests/Info.plist;
				IPHONEOS_DEPLOYMENT_TARGET = 13.2;
				LD_RUNPATH_SEARCH_PATHS = (
					"$(inherited)",
					"@executable_path/Frameworks",
					"@loader_path/Frameworks",
				);
				PRODUCT_BUNDLE_IDENTIFIER = net.michelbueno.TweetSentimentAnalyserTests;
				PRODUCT_NAME = "$(TARGET_NAME)";
				SWIFT_VERSION = 5.0;
				TARGETED_DEVICE_FAMILY = "1,2";
				TEST_HOST = "$(BUILT_PRODUCTS_DIR)/TweetSentimentAnalyser.app/TweetSentimentAnalyser";
			};
			name = Release;
		};
		59CA1CE772C51B6BC9E53B86A8556F47 /* Release */ = {
			isa = XCBuildConfiguration;
			baseConfigurationReference = 446CEA7A25A5B0CD8B00DB8EC8FB050B /* Pods-TweetSentimentAnalyser.release.xcconfig */;
			buildSettings = {
				ASSETCATALOG_COMPILER_APPICON_NAME = AppIcon;
				CODE_SIGN_STYLE = Automatic;
				DEVELOPMENT_TEAM = 237XHR5ZVU;
				INFOPLIST_FILE = "$(SRCROOT)/TweetSentimentAnalyser/Supporting Files/Info.plist";
				LD_RUNPATH_SEARCH_PATHS = (
					"$(inherited)",
					"@executable_path/Frameworks",
				);
				PRODUCT_BUNDLE_IDENTIFIER = net.michelbueno.TweetSentimentAnalyser;
				PRODUCT_NAME = "$(TARGET_NAME)";
				SWIFT_VERSION = 5.0;
				TARGETED_DEVICE_FAMILY = 1;
			};
			name = Release;
		};
		6FA6CB7E294CDDC6E50A4BCC17FB5F01 /* Debug */ = {
			isa = XCBuildConfiguration;
			baseConfigurationReference = 9893873F8C4B1FADC7A29FC9751286BD /* Pods-TweetSentimentAnalyser-TweetSentimentAnalyserTests.debug.xcconfig */;
			buildSettings = {
				ALWAYS_EMBED_SWIFT_STANDARD_LIBRARIES = YES;
				BUNDLE_LOADER = "$(TEST_HOST)";
				CODE_SIGN_STYLE = Automatic;
				DEVELOPMENT_TEAM = 237XHR5ZVU;
				INFOPLIST_FILE = TweetSentimentAnalyserTests/Info.plist;
				IPHONEOS_DEPLOYMENT_TARGET = 13.2;
				LD_RUNPATH_SEARCH_PATHS = (
					"$(inherited)",
					"@executable_path/Frameworks",
					"@loader_path/Frameworks",
				);
				PRODUCT_BUNDLE_IDENTIFIER = net.michelbueno.TweetSentimentAnalyserTests;
				PRODUCT_NAME = "$(TARGET_NAME)";
				SWIFT_VERSION = 5.0;
				TARGETED_DEVICE_FAMILY = "1,2";
				TEST_HOST = "$(BUILT_PRODUCTS_DIR)/TweetSentimentAnalyser.app/TweetSentimentAnalyser";
			};
			name = Debug;
		};
		8FBCF3151D7FEF221794D0CB2535F23D /* Debug */ = {
			isa = XCBuildConfiguration;
			baseConfigurationReference = E5FD806934D31ABC1522F91BB7DE89C5 /* Pods-TweetSentimentAnalyser.debug.xcconfig */;
			buildSettings = {
				ASSETCATALOG_COMPILER_APPICON_NAME = AppIcon;
				CODE_SIGN_STYLE = Automatic;
				DEVELOPMENT_TEAM = 237XHR5ZVU;
				INFOPLIST_FILE = "$(SRCROOT)/TweetSentimentAnalyser/Supporting Files/Info.plist";
				LD_RUNPATH_SEARCH_PATHS = (
					"$(inherited)",
					"@executable_path/Frameworks",
				);
				PRODUCT_BUNDLE_IDENTIFIER = net.michelbueno.TweetSentimentAnalyser;
				PRODUCT_NAME = "$(TARGET_NAME)";
				SWIFT_VERSION = 5.0;
				TARGETED_DEVICE_FAMILY = 1;
			};
			name = Debug;
		};
		BC3B5678DFE2134527FE30A373458123 /* Release */ = {
			isa = XCBuildConfiguration;
			buildSettings = {
				ALWAYS_SEARCH_USER_PATHS = NO;
				CLANG_ANALYZER_NONNULL = YES;
				CLANG_ANALYZER_NUMBER_OBJECT_CONVERSION = YES_AGGRESSIVE;
				CLANG_CXX_LANGUAGE_STANDARD = "gnu++14";
				CLANG_CXX_LIBRARY = "libc++";
				CLANG_ENABLE_MODULES = YES;
				CLANG_ENABLE_OBJC_ARC = YES;
				CLANG_ENABLE_OBJC_WEAK = YES;
				CLANG_WARN_BLOCK_CAPTURE_AUTORELEASING = YES;
				CLANG_WARN_BOOL_CONVERSION = YES;
				CLANG_WARN_COMMA = YES;
				CLANG_WARN_CONSTANT_CONVERSION = YES;
				CLANG_WARN_DEPRECATED_OBJC_IMPLEMENTATIONS = YES;
				CLANG_WARN_DIRECT_OBJC_ISA_USAGE = YES_ERROR;
				CLANG_WARN_DOCUMENTATION_COMMENTS = YES;
				CLANG_WARN_EMPTY_BODY = YES;
				CLANG_WARN_ENUM_CONVERSION = YES;
				CLANG_WARN_INFINITE_RECURSION = YES;
				CLANG_WARN_INT_CONVERSION = YES;
				CLANG_WARN_NON_LITERAL_NULL_CONVERSION = YES;
				CLANG_WARN_OBJC_IMPLICIT_RETAIN_SELF = YES;
				CLANG_WARN_OBJC_LITERAL_CONVERSION = YES;
				CLANG_WARN_OBJC_ROOT_CLASS = YES_ERROR;
				CLANG_WARN_RANGE_LOOP_ANALYSIS = YES;
				CLANG_WARN_STRICT_PROTOTYPES = YES;
				CLANG_WARN_SUSPICIOUS_MOVE = YES;
				CLANG_WARN_UNGUARDED_AVAILABILITY = YES_AGGRESSIVE;
				CLANG_WARN_UNREACHABLE_CODE = YES;
				CLANG_WARN__DUPLICATE_METHOD_MATCH = YES;
				COPY_PHASE_STRIP = NO;
				DEBUG_INFORMATION_FORMAT = "dwarf-with-dsym";
				ENABLE_NS_ASSERTIONS = NO;
				ENABLE_STRICT_OBJC_MSGSEND = YES;
				GCC_C_LANGUAGE_STANDARD = gnu11;
				GCC_NO_COMMON_BLOCKS = YES;
				GCC_WARN_64_TO_32_BIT_CONVERSION = YES;
				GCC_WARN_ABOUT_RETURN_TYPE = YES_ERROR;
				GCC_WARN_UNDECLARED_SELECTOR = YES;
				GCC_WARN_UNINITIALIZED_AUTOS = YES_AGGRESSIVE;
				GCC_WARN_UNUSED_FUNCTION = YES;
				GCC_WARN_UNUSED_VARIABLE = YES;
				IPHONEOS_DEPLOYMENT_TARGET = 13.2;
				MTL_ENABLE_DEBUG_INFO = NO;
				MTL_FAST_MATH = YES;
				SDKROOT = iphoneos;
				SWIFT_COMPILATION_MODE = wholemodule;
				SWIFT_OPTIMIZATION_LEVEL = "-O";
				VALIDATE_PRODUCT = YES;
			};
			name = Release;
		};
		E8E16156C520B40BF88E070782E5D9AA /* Debug */ = {
			isa = XCBuildConfiguration;
			baseConfigurationReference = AB264CAF6AC6BDC7528148AE5416FC14 /* Pods-TweetSentimentAnalyser-TweetSentimentAnalyserUITests.debug.xcconfig */;
			buildSettings = {
				ALWAYS_EMBED_SWIFT_STANDARD_LIBRARIES = YES;
				CODE_SIGN_STYLE = Automatic;
				DEVELOPMENT_TEAM = 237XHR5ZVU;
				INFOPLIST_FILE = TweetSentimentAnalyserUITests/Info.plist;
				LD_RUNPATH_SEARCH_PATHS = (
					"$(inherited)",
					"@executable_path/Frameworks",
					"@loader_path/Frameworks",
				);
				PRODUCT_BUNDLE_IDENTIFIER = net.michelbueno.TweetSentimentAnalyserUITests;
				PRODUCT_NAME = "$(TARGET_NAME)";
				SWIFT_VERSION = 5.0;
				TARGETED_DEVICE_FAMILY = "1,2";
				TEST_TARGET_NAME = TweetSentimentAnalyser;
			};
			name = Debug;
		};
		EE438103E5A4843E41AED6C853EE4138 /* Debug */ = {
			isa = XCBuildConfiguration;
			buildSettings = {
				ALWAYS_SEARCH_USER_PATHS = NO;
				CLANG_ANALYZER_NONNULL = YES;
				CLANG_ANALYZER_NUMBER_OBJECT_CONVERSION = YES_AGGRESSIVE;
				CLANG_CXX_LANGUAGE_STANDARD = "gnu++14";
				CLANG_CXX_LIBRARY = "libc++";
				CLANG_ENABLE_MODULES = YES;
				CLANG_ENABLE_OBJC_ARC = YES;
				CLANG_ENABLE_OBJC_WEAK = YES;
				CLANG_WARN_BLOCK_CAPTURE_AUTORELEASING = YES;
				CLANG_WARN_BOOL_CONVERSION = YES;
				CLANG_WARN_COMMA = YES;
				CLANG_WARN_CONSTANT_CONVERSION = YES;
				CLANG_WARN_DEPRECATED_OBJC_IMPLEMENTATIONS = YES;
				CLANG_WARN_DIRECT_OBJC_ISA_USAGE = YES_ERROR;
				CLANG_WARN_DOCUMENTATION_COMMENTS = YES;
				CLANG_WARN_EMPTY_BODY = YES;
				CLANG_WARN_ENUM_CONVERSION = YES;
				CLANG_WARN_INFINITE_RECURSION = YES;
				CLANG_WARN_INT_CONVERSION = YES;
				CLANG_WARN_NON_LITERAL_NULL_CONVERSION = YES;
				CLANG_WARN_OBJC_IMPLICIT_RETAIN_SELF = YES;
				CLANG_WARN_OBJC_LITERAL_CONVERSION = YES;
				CLANG_WARN_OBJC_ROOT_CLASS = YES_ERROR;
				CLANG_WARN_RANGE_LOOP_ANALYSIS = YES;
				CLANG_WARN_STRICT_PROTOTYPES = YES;
				CLANG_WARN_SUSPICIOUS_MOVE = YES;
				CLANG_WARN_UNGUARDED_AVAILABILITY = YES_AGGRESSIVE;
				CLANG_WARN_UNREACHABLE_CODE = YES;
				CLANG_WARN__DUPLICATE_METHOD_MATCH = YES;
				COPY_PHASE_STRIP = NO;
				DEBUG_INFORMATION_FORMAT = dwarf;
				ENABLE_STRICT_OBJC_MSGSEND = YES;
				ENABLE_TESTABILITY = YES;
				GCC_C_LANGUAGE_STANDARD = gnu11;
				GCC_DYNAMIC_NO_PIC = NO;
				GCC_NO_COMMON_BLOCKS = YES;
				GCC_OPTIMIZATION_LEVEL = 0;
				GCC_PREPROCESSOR_DEFINITIONS = (
					"DEBUG=1",
					"$(inherited)",
				);
				GCC_WARN_64_TO_32_BIT_CONVERSION = YES;
				GCC_WARN_ABOUT_RETURN_TYPE = YES_ERROR;
				GCC_WARN_UNDECLARED_SELECTOR = YES;
				GCC_WARN_UNINITIALIZED_AUTOS = YES_AGGRESSIVE;
				GCC_WARN_UNUSED_FUNCTION = YES;
				GCC_WARN_UNUSED_VARIABLE = YES;
				IPHONEOS_DEPLOYMENT_TARGET = 13.2;
				MTL_ENABLE_DEBUG_INFO = INCLUDE_SOURCE;
				MTL_FAST_MATH = YES;
				ONLY_ACTIVE_ARCH = YES;
				SDKROOT = iphoneos;
				SWIFT_ACTIVE_COMPILATION_CONDITIONS = DEBUG;
				SWIFT_OPTIMIZATION_LEVEL = "-Onone";
			};
			name = Debug;
		};
/* End XCBuildConfiguration section */

/* Begin XCConfigurationList section */
		4D3FC3F6354FC0F8177C0497CFC42E08 /* Build configuration list for PBXNativeTarget "TweetSentimentAnalyser" */ = {
			isa = XCConfigurationList;
			buildConfigurations = (
				8FBCF3151D7FEF221794D0CB2535F23D /* Debug */,
				59CA1CE772C51B6BC9E53B86A8556F47 /* Release */,
			);
			defaultConfigurationIsVisible = 0;
			defaultConfigurationName = Release;
		};
		B863A7F6F924BFDCE00BF958C98EDB07 /* Build configuration list for PBXNativeTarget "TweetSentimentAnalyserTests" */ = {
			isa = XCConfigurationList;
			buildConfigurations = (
				6FA6CB7E294CDDC6E50A4BCC17FB5F01 /* Debug */,
				511D9F50B31244DC89A3E821D2016BDD /* Release */,
			);
			defaultConfigurationIsVisible = 0;
			defaultConfigurationName = Release;
		};
		C837C4DFDE3108ADFFE9E15DB6EC445D /* Build configuration list for PBXProject "TweetSentimentAnalyser" */ = {
			isa = XCConfigurationList;
			buildConfigurations = (
				EE438103E5A4843E41AED6C853EE4138 /* Debug */,
				BC3B5678DFE2134527FE30A373458123 /* Release */,
			);
			defaultConfigurationIsVisible = 0;
			defaultConfigurationName = Release;
		};
		DEE97960FCC10216A511B5E18F14C7E0 /* Build configuration list for PBXNativeTarget "TweetSentimentAnalyserUITests" */ = {
			isa = XCConfigurationList;
			buildConfigurations = (
				E8E16156C520B40BF88E070782E5D9AA /* Debug */,
				2466F9EEF9C637792F912323B3A06681 /* Release */,
			);
			defaultConfigurationIsVisible = 0;
			defaultConfigurationName = Release;
		};
/* End XCConfigurationList section */
	};
	rootObject = AA3DF674108DEE545D829E87670F803E /* Project object */;
}
